
Microsoft Visual Studio Solution File, Format Version 12.00
# Visual Studio Version 16
VisualStudioVersion = 16.0.31605.320
MinimumVisualStudioVersion = 10.0.40219.1
Project("{FAE04EC0-301F-11D3-BF4B-00C04F79EFBC}") = "Refactoring", "Refactoring.csproj", "{21268384-E187-41D2-91FA-9A8BF211FF82}"
EndProject
Global
	GlobalSection(SolutionConfigurationPlatforms) = preSolution
		Debug|Any CPU = Debug|Any CPU
		Release|Any CPU = Release|Any CPU
	EndGlobalSection
	GlobalSection(ProjectConfigurationPlatforms) = postSolution
		{21268384-E187-41D2-91FA-9A8BF211FF82}.Debug|Any CPU.ActiveCfg = Debug|Any CPU
		{21268384-E187-41D2-91FA-9A8BF211FF82}.Debug|Any CPU.Build.0 = Debug|Any CPU
		{21268384-E187-41D2-91FA-9A8BF211FF82}.Release|Any CPU.ActiveCfg = Release|Any CPU
		{21268384-E187-41D2-91FA-9A8BF211FF82}.Release|Any CPU.Build.0 = Release|Any CPU
	EndGlobalSection
	GlobalSection(SolutionProperties) = preSolution
		HideSolutionNode = FALSE
	EndGlobalSection
	GlobalSection(ExtensibilityGlobals) = postSolution
		SolutionGuid = {30A73829-7E50-49E3-A0CE-47282F704593}
	EndGlobalSection
EndGlobal
